
Microsoft Visual Studio Solution File, Format Version 12.00
# Visual Studio Version 16
VisualStudioVersion = 25.0.1704.2
MinimumVisualStudioVersion = 10.0.40219.1
Project("{FAE04EC0-301F-11D3-BF4B-00C04F79EFBC}") = "Automat", "Automat\Automat.csproj", "{92707DE3-5BD7-484B-8ACA-A28B971B996D}"
EndProject
Global
	GlobalSection(SolutionConfigurationPlatforms) = preSolution
		Debug|Any CPU = Debug|Any CPU
		Release|Any CPU = Release|Any CPU
	EndGlobalSection
	GlobalSection(ProjectConfigurationPlatforms) = postSolution
		{92707DE3-5BD7-484B-8ACA-A28B971B996D}.Debug|Any CPU.ActiveCfg = Debug|Any CPU
		{92707DE3-5BD7-484B-8ACA-A28B971B996D}.Debug|Any CPU.Build.0 = Debug|Any CPU
		{92707DE3-5BD7-484B-8ACA-A28B971B996D}.Release|Any CPU.ActiveCfg = Release|Any CPU
		{92707DE3-5BD7-484B-8ACA-A28B971B996D}.Release|Any CPU.Build.0 = Release|Any CPU
	EndGlobalSection
	GlobalSection(SolutionProperties) = preSolution
		HideSolutionNode = FALSE
	EndGlobalSection
	GlobalSection(ExtensibilityGlobals) = postSolution
		SolutionGuid = {D1F2A3A0-7646-4922-A830-94F6DFBA55CE}
	EndGlobalSection
EndGlobal
